
Microsoft Visual Studio Solution File, Format Version 12.00
# Visual Studio Version 17
VisualStudioVersion = 17.3.32922.545
MinimumVisualStudioVersion = 10.0.40219.1
Project("{9A19103F-16F7-4668-BE54-9A1E7A4F7556}") = "ArchitectureCompany.Data", "ArchitectureCompany.Data\ArchitectureCompany.Data.csproj", "{964F20CC-74F4-4AFE-8B6C-4DE52B1BAD8D}"
EndProject
Project("{9A19103F-16F7-4668-BE54-9A1E7A4F7556}") = "ArchitectureCompany.Models", "ArchitectureCompany.Models\ArchitectureCompany.Models.csproj", "{350CD802-E12C-4D10-B55A-DA749E33785C}"
EndProject
Project("{9A19103F-16F7-4668-BE54-9A1E7A4F7556}") = "ArchitectureCompany.Services", "ArchitectureCompany.Services\ArchitectureCompany.Services.csproj", "{1663EA07-0EC4-469C-9D8D-DD5D3989A495}"
EndProject
Project("{9A19103F-16F7-4668-BE54-9A1E7A4F7556}") = "ArchitectureCompany.ConsoleApp", "ArchitectureCompany.ConsoleApp\ArchitectureCompany.ConsoleApp.csproj", "{1E33DEC8-9D6D-4DD8-889F-1155E2A45157}"
EndProject
Project("{9A19103F-16F7-4668-BE54-9A1E7A4F7556}") = "ArchitectureCompany.FormApplication", "ArchitectureCompany.FormApplication\ArchitectureCompany.FormApplication.csproj", "{F599E42C-AB57-4057-A1A6-2AAFA41331AC}"
EndProject
Project("{FAE04EC0-301F-11D3-BF4B-00C04F79EFBC}") = "ArchitectureCompany.Seeder", "ArchitectureCompany.Seeder\ArchitectureCompany.Seeder.csproj", "{04C9D269-569D-4661-87F3-9E6FFAB27C18}"
EndProject
Global
	GlobalSection(SolutionConfigurationPlatforms) = preSolution
		Debug|Any CPU = Debug|Any CPU
		Release|Any CPU = Release|Any CPU
	EndGlobalSection
	GlobalSection(ProjectConfigurationPlatforms) = postSolution
		{964F20CC-74F4-4AFE-8B6C-4DE52B1BAD8D}.Debug|Any CPU.ActiveCfg = Debug|Any CPU
		{964F20CC-74F4-4AFE-8B6C-4DE52B1BAD8D}.Debug|Any CPU.Build.0 = Debug|Any CPU
		{964F20CC-74F4-4AFE-8B6C-4DE52B1BAD8D}.Release|Any CPU.ActiveCfg = Release|Any CPU
		{964F20CC-74F4-4AFE-8B6C-4DE52B1BAD8D}.Release|Any CPU.Build.0 = Release|Any CPU
		{350CD802-E12C-4D10-B55A-DA749E33785C}.Debug|Any CPU.ActiveCfg = Debug|Any CPU
		{350CD802-E12C-4D10-B55A-DA749E33785C}.Debug|Any CPU.Build.0 = Debug|Any CPU
		{350CD802-E12C-4D10-B55A-DA749E33785C}.Release|Any CPU.ActiveCfg = Release|Any CPU
		{350CD802-E12C-4D10-B55A-DA749E33785C}.Release|Any CPU.Build.0 = Release|Any CPU
		{1663EA07-0EC4-469C-9D8D-DD5D3989A495}.Debug|Any CPU.ActiveCfg = Debug|Any CPU
		{1663EA07-0EC4-469C-9D8D-DD5D3989A495}.Debug|Any CPU.Build.0 = Debug|Any CPU
		{1663EA07-0EC4-469C-9D8D-DD5D3989A495}.Release|Any CPU.ActiveCfg = Release|Any CPU
		{1663EA07-0EC4-469C-9D8D-DD5D3989A495}.Release|Any CPU.Build.0 = Release|Any CPU
		{1E33DEC8-9D6D-4DD8-889F-1155E2A45157}.Debug|Any CPU.ActiveCfg = Debug|Any CPU
		{1E33DEC8-9D6D-4DD8-889F-1155E2A45157}.Debug|Any CPU.Build.0 = Debug|Any CPU
		{1E33DEC8-9D6D-4DD8-889F-1155E2A45157}.Release|Any CPU.ActiveCfg = Release|Any CPU
		{1E33DEC8-9D6D-4DD8-889F-1155E2A45157}.Release|Any CPU.Build.0 = Release|Any CPU
		{F599E42C-AB57-4057-A1A6-2AAFA41331AC}.Debug|Any CPU.ActiveCfg = Debug|Any CPU
		{F599E42C-AB57-4057-A1A6-2AAFA41331AC}.Debug|Any CPU.Build.0 = Debug|Any CPU
		{F599E42C-AB57-4057-A1A6-2AAFA41331AC}.Release|Any CPU.ActiveCfg = Release|Any CPU
		{F599E42C-AB57-4057-A1A6-2AAFA41331AC}.Release|Any CPU.Build.0 = Release|Any CPU
		{04C9D269-569D-4661-87F3-9E6FFAB27C18}.Debug|Any CPU.ActiveCfg = Debug|Any CPU
		{04C9D269-569D-4661-87F3-9E6FFAB27C18}.Debug|Any CPU.Build.0 = Debug|Any CPU
		{04C9D269-569D-4661-87F3-9E6FFAB27C18}.Release|Any CPU.ActiveCfg = Release|Any CPU
		{04C9D269-569D-4661-87F3-9E6FFAB27C18}.Release|Any CPU.Build.0 = Release|Any CPU
	EndGlobalSection
	GlobalSection(SolutionProperties) = preSolution
		HideSolutionNode = FALSE
	EndGlobalSection
	GlobalSection(ExtensibilityGlobals) = postSolution
		SolutionGuid = {40D1A30E-B5AB-40A7-B8A2-E65B1A237675}
	EndGlobalSection
EndGlobal
